
Microsoft Visual Studio Solution File, Format Version 12.00
# Visual Studio Version 17
VisualStudioVersion = 17.7.34031.279
MinimumVisualStudioVersion = 10.0.40219.1
Project("{FAE04EC0-301F-11D3-BF4B-00C04F79EFBC}") = "Function", "Function\Function.csproj", "{FA9DA63E-C314-4409-BEFB-9F2D92EBC8B1}"
EndProject
Global
	GlobalSection(SolutionConfigurationPlatforms) = preSolution
		Debug|Any CPU = Debug|Any CPU
		Release|Any CPU = Release|Any CPU
	EndGlobalSection
	GlobalSection(ProjectConfigurationPlatforms) = postSolution
		{FA9DA63E-C314-4409-BEFB-9F2D92EBC8B1}.Debug|Any CPU.ActiveCfg = Debug|Any CPU
		{FA9DA63E-C314-4409-BEFB-9F2D92EBC8B1}.Debug|Any CPU.Build.0 = Debug|Any CPU
		{FA9DA63E-C314-4409-BEFB-9F2D92EBC8B1}.Release|Any CPU.ActiveCfg = Release|Any CPU
		{FA9DA63E-C314-4409-BEFB-9F2D92EBC8B1}.Release|Any CPU.Build.0 = Release|Any CPU
	EndGlobalSection
	GlobalSection(SolutionProperties) = preSolution
		HideSolutionNode = FALSE
	EndGlobalSection
	GlobalSection(ExtensibilityGlobals) = postSolution
		SolutionGuid = {01B38700-5525-41B3-9DC8-CF351B17A5A6}
	EndGlobalSection
EndGlobal
